
Microsoft Visual Studio Solution File, Format Version 12.00
# Visual Studio Version 16
VisualStudioVersion = 16.0.31005.135
MinimumVisualStudioVersion = 10.0.40219.1
Project("{FAE04EC0-301F-11D3-BF4B-00C04F79EFBC}") = "BRENS-GYM", "BRENS-GYM\BRENS-GYM.csproj", "{48799F59-86CC-46A0-8578-C3FF3D03D56C}"
EndProject
Global
	GlobalSection(SolutionConfigurationPlatforms) = preSolution
		Debug|Any CPU = Debug|Any CPU
		Release|Any CPU = Release|Any CPU
	EndGlobalSection
	GlobalSection(ProjectConfigurationPlatforms) = postSolution
		{48799F59-86CC-46A0-8578-C3FF3D03D56C}.Debug|Any CPU.ActiveCfg = Debug|Any CPU
		{48799F59-86CC-46A0-8578-C3FF3D03D56C}.Debug|Any CPU.Build.0 = Debug|Any CPU
		{48799F59-86CC-46A0-8578-C3FF3D03D56C}.Release|Any CPU.ActiveCfg = Release|Any CPU
		{48799F59-86CC-46A0-8578-C3FF3D03D56C}.Release|Any CPU.Build.0 = Release|Any CPU
	EndGlobalSection
	GlobalSection(SolutionProperties) = preSolution
		HideSolutionNode = FALSE
	EndGlobalSection
	GlobalSection(ExtensibilityGlobals) = postSolution
		SolutionGuid = {98DD1DB8-D64D-4AC3-A9AC-F131E8D44BE6}
	EndGlobalSection
EndGlobal
